
Microsoft Visual Studio Solution File, Format Version 12.00
# Visual Studio Version 17
VisualStudioVersion = 17.14.36301.6
MinimumVisualStudioVersion = 10.0.40219.1
Project("{9A19103F-16F7-4668-BE54-9A1E7A4F7556}") = "cs213_Final_Project", "cs213_Final_Project\cs213_Final_Project.csproj", "{10AE046B-DC80-4CB8-9F71-433EF95570DD}"
EndProject
Global
	GlobalSection(SolutionConfigurationPlatforms) = preSolution
		Debug|Any CPU = Debug|Any CPU
		Release|Any CPU = Release|Any CPU
	EndGlobalSection
	GlobalSection(ProjectConfigurationPlatforms) = postSolution
		{10AE046B-DC80-4CB8-9F71-433EF95570DD}.Debug|Any CPU.ActiveCfg = Debug|Any CPU
		{10AE046B-DC80-4CB8-9F71-433EF95570DD}.Debug|Any CPU.Build.0 = Debug|Any CPU
		{10AE046B-DC80-4CB8-9F71-433EF95570DD}.Release|Any CPU.ActiveCfg = Release|Any CPU
		{10AE046B-DC80-4CB8-9F71-433EF95570DD}.Release|Any CPU.Build.0 = Release|Any CPU
	EndGlobalSection
	GlobalSection(SolutionProperties) = preSolution
		HideSolutionNode = FALSE
	EndGlobalSection
	GlobalSection(ExtensibilityGlobals) = postSolution
		SolutionGuid = {4A90F87A-0DC6-4E3A-B191-CE1396F61DAF}
	EndGlobalSection
EndGlobal
